// !$*UTF8*$!
{
	archiveVersion = 1;
	classes = {
	};
	objectVersion = 55;
	objects = {

/* Begin PBXBuildFile section */
		3A0361EF2845D98C00879DFF /* TogglableSettingsTableViewCell.swift in Sources */ = {isa = PBXBuildFile; fileRef = 3A0361EE2845D98C00879DFF /* TogglableSettingsTableViewCell.swift */; };
		3A0361F12845E2BD00879DFF /* SettingsTableViewCellWithOnOffLabel.swift in Sources */ = {isa = PBXBuildFile; fileRef = 3A0361F02845E2BD00879DFF /* SettingsTableViewCellWithOnOffLabel.swift */; };
		3A0361F32845E88000879DFF /* SettingsTableViewCellWithNotification.swift in Sources */ = {isa = PBXBuildFile; fileRef = 3A0361F22845E88000879DFF /* SettingsTableViewCellWithNotification.swift */; };
		3A0361F62845E98A00879DFF /* NotificationView.swift in Sources */ = {isa = PBXBuildFile; fileRef = 3A0361F52845E98A00879DFF /* NotificationView.swift */; };
		3A4366E72844AF6700A6A350 /* AppDelegate.swift in Sources */ = {isa = PBXBuildFile; fileRef = 3A4366E62844AF6700A6A350 /* AppDelegate.swift */; };
		3A4366E92844AF6700A6A350 /* SceneDelegate.swift in Sources */ = {isa = PBXBuildFile; fileRef = 3A4366E82844AF6700A6A350 /* SceneDelegate.swift */; };
		3A4366F02844AF6800A6A350 /* Assets.xcassets in Resources */ = {isa = PBXBuildFile; fileRef = 3A4366EF2844AF6800A6A350 /* Assets.xcassets */; };
		3A4366F32844AF6800A6A350 /* LaunchScreen.storyboard in Resources */ = {isa = PBXBuildFile; fileRef = 3A4366F12844AF6800A6A350 /* LaunchScreen.storyboard */; };
		3A4366FB2844B05500A6A350 /* SettingsViewController.swift in Sources */ = {isa = PBXBuildFile; fileRef = 3A4366FA2844B05500A6A350 /* SettingsViewController.swift */; };
		3A4366FD2844B14400A6A350 /* CellModel.swift in Sources */ = {isa = PBXBuildFile; fileRef = 3A4366FC2844B14400A6A350 /* CellModel.swift */; };
		3A4366FF2844B19400A6A350 /* CellAPI.swift in Sources */ = {isa = PBXBuildFile; fileRef = 3A4366FE2844B19400A6A350 /* CellAPI.swift */; };
		3A4367012844C1AE00A6A350 /* SettingsTableViewCell.swift in Sources */ = {isa = PBXBuildFile; fileRef = 3A4367002844C1AE00A6A350 /* SettingsTableViewCell.swift */; };
/* End PBXBuildFile section */

/* Begin PBXFileReference section */
		3A0361EE2845D98C00879DFF /* TogglableSettingsTableViewCell.swift */ = {isa = PBXFileReference; lastKnownFileType = sourcecode.swift; path = TogglableSettingsTableViewCell.swift; sourceTree = "<group>"; };
		3A0361F02845E2BD00879DFF /* SettingsTableViewCellWithOnOffLabel.swift */ = {isa = PBXFileReference; lastKnownFileType = sourcecode.swift; path = SettingsTableViewCellWithOnOffLabel.swift; sourceTree = "<group>"; };
		3A0361F22845E88000879DFF /* SettingsTableViewCellWithNotification.swift */ = {isa = PBXFileReference; lastKnownFileType = sourcecode.swift; path = SettingsTableViewCellWithNotification.swift; sourceTree = "<group>"; };
		3A0361F52845E98A00879DFF /* NotificationView.swift */ = {isa = PBXFileReference; lastKnownFileType = sourcecode.swift; path = NotificationView.swift; sourceTree = "<group>"; };
		3A4366E32844AF6700A6A350 /* Homework 13.app */ = {isa = PBXFileReference; explicitFileType = wrapper.application; includeInIndex = 0; path = "Homework 13.app"; sourceTree = BUILT_PRODUCTS_DIR; };
		3A4366E62844AF6700A6A350 /* AppDelegate.swift */ = {isa = PBXFileReference; lastKnownFileType = sourcecode.swift; path = AppDelegate.swift; sourceTree = "<group>"; };
		3A4366E82844AF6700A6A350 /* SceneDelegate.swift */ = {isa = PBXFileReference; lastKnownFileType = sourcecode.swift; path = SceneDelegate.swift; sourceTree = "<group>"; };
		3A4366EF2844AF6800A6A350 /* Assets.xcassets */ = {isa = PBXFileReference; lastKnownFileType = folder.assetcatalog; path = Assets.xcassets; sourceTree = "<group>"; };
		3A4366F22844AF6800A6A350 /* Base */ = {isa = PBXFileReference; lastKnownFileType = file.storyboard; name = Base; path = Base.lproj/LaunchScreen.storyboard; sourceTree = "<group>"; };
		3A4366F42844AF6800A6A350 /* Info.plist */ = {isa = PBXFileReference; lastKnownFileType = text.plist.xml; path = Info.plist; sourceTree = "<group>"; };
		3A4366FA2844B05500A6A350 /* SettingsViewController.swift */ = {isa = PBXFileReference; lastKnownFileType = sourcecode.swift; path = SettingsViewController.swift; sourceTree = "<group>"; };
		3A4366FC2844B14400A6A350 /* CellModel.swift */ = {isa = PBXFileReference; lastKnownFileType = sourcecode.swift; path = CellModel.swift; sourceTree = "<group>"; };
		3A4366FE2844B19400A6A350 /* CellAPI.swift */ = {isa = PBXFileReference; lastKnownFileType = sourcecode.swift; path = CellAPI.swift; sourceTree = "<group>"; };
		3A4367002844C1AE00A6A350 /* SettingsTableViewCell.swift */ = {isa = PBXFileReference; lastKnownFileType = sourcecode.swift; path = SettingsTableViewCell.swift; sourceTree = "<group>"; };
/* End PBXFileReference section */

/* Begin PBXFrameworksBuildPhase section */
		3A4366E02844AF6700A6A350 /* Frameworks */ = {
			isa = PBXFrameworksBuildPhase;
			buildActionMask = 2147483647;
			files = (
			);
			runOnlyForDeploymentPostprocessing = 0;
		};
/* End PBXFrameworksBuildPhase section */

/* Begin PBXGroup section */
		3A0361EA2845D93700879DFF /* Model */ = {
			isa = PBXGroup;
			children = (
				3A4366FC2844B14400A6A350 /* CellModel.swift */,
				3A4366FE2844B19400A6A350 /* CellAPI.swift */,
			);
			path = Model;
			sourceTree = "<group>";
		};
		3A0361EB2845D94100879DFF /* View */ = {
			isa = PBXGroup;
			children = (
				3A0361F42845E97500879DFF /* Custom views */,
				3A0361ED2845D96A00879DFF /* Cells */,
			);
			path = View;
			sourceTree = "<group>";
		};
		3A0361EC2845D94800879DFF /* Controller */ = {
			isa = PBXGroup;
			children = (
				3A4366FA2844B05500A6A350 /* SettingsViewController.swift */,
			);
			path = Controller;
			sourceTree = "<group>";
		};
		3A0361ED2845D96A00879DFF /* Cells */ = {
			isa = PBXGroup;
			children = (
				3A4367002844C1AE00A6A350 /* SettingsTableViewCell.swift */,
				3A0361EE2845D98C00879DFF /* TogglableSettingsTableViewCell.swift */,
				3A0361F02845E2BD00879DFF /* SettingsTableViewCellWithOnOffLabel.swift */,
				3A0361F22845E88000879DFF /* SettingsTableViewCellWithNotification.swift */,
			);
			path = Cells;
			sourceTree = "<group>";
		};
		3A0361F42845E97500879DFF /* Custom views */ = {
			isa = PBXGroup;
			children = (
				3A0361F52845E98A00879DFF /* NotificationView.swift */,
			);
			path = "Custom views";
			sourceTree = "<group>";
		};
		3A4366DA2844AF6600A6A350 = {
			isa = PBXGroup;
			children = (
				3A4366E52844AF6700A6A350 /* Homework 13 */,
				3A4366E42844AF6700A6A350 /* Products */,
			);
			sourceTree = "<group>";
		};
		3A4366E42844AF6700A6A350 /* Products */ = {
			isa = PBXGroup;
			children = (
				3A4366E32844AF6700A6A350 /* Homework 13.app */,
			);
			name = Products;
			sourceTree = "<group>";
		};
		3A4366E52844AF6700A6A350 /* Homework 13 */ = {
			isa = PBXGroup;
			children = (
				3A0361EA2845D93700879DFF /* Model */,
				3A0361EB2845D94100879DFF /* View */,
				3A0361EC2845D94800879DFF /* Controller */,
				3A4366E62844AF6700A6A350 /* AppDelegate.swift */,
				3A4366E82844AF6700A6A350 /* SceneDelegate.swift */,
				3A4366EF2844AF6800A6A350 /* Assets.xcassets */,
				3A4366F12844AF6800A6A350 /* LaunchScreen.storyboard */,
				3A4366F42844AF6800A6A350 /* Info.plist */,
			);
			path = "Homework 13";
			sourceTree = "<group>";
		};
/* End PBXGroup section */

/* Begin PBXNativeTarget section */
		3A4366E22844AF6700A6A350 /* Homework 13 */ = {
			isa = PBXNativeTarget;
			buildConfigurationList = 3A4366F72844AF6800A6A350 /* Build configuration list for PBXNativeTarget "Homework 13" */;
			buildPhases = (
				3A4366DF2844AF6700A6A350 /* Sources */,
				3A4366E02844AF6700A6A350 /* Frameworks */,
				3A4366E12844AF6700A6A350 /* Resources */,
			);
			buildRules = (
			);
			dependencies = (
			);
			name = "Homework 13";
			productName = "Homework 13";
			productReference = 3A4366E32844AF6700A6A350 /* Homework 13.app */;
			productType = "com.apple.product-type.application";
		};
/* End PBXNativeTarget section */

/* Begin PBXProject section */
		3A4366DB2844AF6600A6A350 /* Project object */ = {
			isa = PBXProject;
			attributes = {
				BuildIndependentTargetsInParallel = 1;
				LastSwiftUpdateCheck = 1330;
				LastUpgradeCheck = 1330;
				TargetAttributes = {
					3A4366E22844AF6700A6A350 = {
						CreatedOnToolsVersion = 13.3.1;
					};
				};
			};
			buildConfigurationList = 3A4366DE2844AF6600A6A350 /* Build configuration list for PBXProject "Homework 13" */;
			compatibilityVersion = "Xcode 13.0";
			developmentRegion = en;
			hasScannedForEncodings = 0;
			knownRegions = (
				en,
				Base,
			);
			mainGroup = 3A4366DA2844AF6600A6A350;
			productRefGroup = 3A4366E42844AF6700A6A350 /* Products */;
			projectDirPath = "";
			projectRoot = "";
			targets = (
				3A4366E22844AF6700A6A350 /* Homework 13 */,
			);
		};
/* End PBXProject section */

/* Begin PBXResourcesBuildPhase section */
		3A4366E12844AF6700A6A350 /* Resources */ = {
			isa = PBXResourcesBuildPhase;
			buildActionMask = 2147483647;
			files = (
				3A4366F32844AF6800A6A350 /* LaunchScreen.storyboard in Resources */,
				3A4366F02844AF6800A6A350 /* Assets.xcassets in Resources */,
			);
			runOnlyForDeploymentPostprocessing = 0;
		};
/* End PBXResourcesBuildPhase section */

/* Begin PBXSourcesBuildPhase section */
		3A4366DF2844AF6700A6A350 /* Sources */ = {
			isa = PBXSourcesBuildPhase;
			buildActionMask = 2147483647;
			files = (
				3A4366E72844AF6700A6A350 /* AppDelegate.swift in Sources */,
				3A4366E92844AF6700A6A350 /* SceneDelegate.swift in Sources */,
				3A0361EF2845D98C00879DFF /* TogglableSettingsTableViewCell.swift in Sources */,
				3A4367012844C1AE00A6A350 /* SettingsTableViewCell.swift in Sources */,
				3A0361F32845E88000879DFF /* SettingsTableViewCellWithNotification.swift in Sources */,
				3A0361F12845E2BD00879DFF /* SettingsTableViewCellWithOnOffLabel.swift in Sources */,
				3A4366FF2844B19400A6A350 /* CellAPI.swift in Sources */,
				3A4366FB2844B05500A6A350 /* SettingsViewController.swift in Sources */,
				3A4366FD2844B14400A6A350 /* CellModel.swift in Sources */,
				3A0361F62845E98A00879DFF /* NotificationView.swift in Sources */,
			);
			runOnlyForDeploymentPostprocessing = 0;
		};
/* End PBXSourcesBuildPhase section */

/* Begin PBXVariantGroup section */
		3A4366F12844AF6800A6A350 /* LaunchScreen.storyboard */ = {
			isa = PBXVariantGroup;
			children = (
				3A4366F22844AF6800A6A350 /* Base */,
			);
			name = LaunchScreen.storyboard;
			sourceTree = "<group>";
		};
/* End PBXVariantGroup section */

/* Begin XCBuildConfiguration section */
		3A4366F52844AF6800A6A350 /* Debug */ = {
			isa = XCBuildConfiguration;
			buildSettings = {
				ALWAYS_SEARCH_USER_PATHS = NO;
				CLANG_ANALYZER_NONNULL = YES;
				CLANG_ANALYZER_NUMBER_OBJECT_CONVERSION = YES_AGGRESSIVE;
				CLANG_CXX_LANGUAGE_STANDARD = "gnu++17";
				CLANG_ENABLE_MODULES = YES;
				CLANG_ENABLE_OBJC_ARC = YES;
				CLANG_ENABLE_OBJC_WEAK = YES;
				CLANG_WARN_BLOCK_CAPTURE_AUTORELEASING = YES;
				CLANG_WARN_BOOL_CONVERSION = YES;
				CLANG_WARN_COMMA = YES;
				CLANG_WARN_CONSTANT_CONVERSION = YES;
				CLANG_WARN_DEPRECATED_OBJC_IMPLEMENTATIONS = YES;
				CLANG_WARN_DIRECT_OBJC_ISA_USAGE = YES_ERROR;
				CLANG_WARN_DOCUMENTATION_COMMENTS = YES;
				CLANG_WARN_EMPTY_BODY = YES;
				CLANG_WARN_ENUM_CONVERSION = YES;
				CLANG_WARN_INFINITE_RECURSION = YES;
				CLANG_WARN_INT_CONVERSION = YES;
				CLANG_WARN_NON_LITERAL_NULL_CONVERSION = YES;
				CLANG_WARN_OBJC_IMPLICIT_RETAIN_SELF = YES;
				CLANG_WARN_OBJC_LITERAL_CONVERSION = YES;
				CLANG_WARN_OBJC_ROOT_CLASS = YES_ERROR;
				CLANG_WARN_QUOTED_INCLUDE_IN_FRAMEWORK_HEADER = YES;
				CLANG_WARN_RANGE_LOOP_ANALYSIS = YES;
				CLANG_WARN_STRICT_PROTOTYPES = YES;
				CLANG_WARN_SUSPICIOUS_MOVE = YES;
				CLANG_WARN_UNGUARDED_AVAILABILITY = YES_AGGRESSIVE;
				CLANG_WARN_UNREACHABLE_CODE = YES;
				CLANG_WARN__DUPLICATE_METHOD_MATCH = YES;
				COPY_PHASE_STRIP = NO;
				DEBUG_INFORMATION_FORMAT = dwarf;
				ENABLE_STRICT_OBJC_MSGSEND = YES;
				ENABLE_TESTABILITY = YES;
				GCC_C_LANGUAGE_STANDARD = gnu11;
				GCC_DYNAMIC_NO_PIC = NO;
				GCC_NO_COMMON_BLOCKS = YES;
				GCC_OPTIMIZATION_LEVEL = 0;
				GCC_PREPROCESSOR_DEFINITIONS = (
					"DEBUG=1",
					"$(inherited)",
				);
				GCC_WARN_64_TO_32_BIT_CONVERSION = YES;
				GCC_WARN_ABOUT_RETURN_TYPE = YES_ERROR;
				GCC_WARN_UNDECLARED_SELECTOR = YES;
				GCC_WARN_UNINITIALIZED_AUTOS = YES_AGGRESSIVE;
				GCC_WARN_UNUSED_FUNCTION = YES;
				GCC_WARN_UNUSED_VARIABLE = YES;
				IPHONEOS_DEPLOYMENT_TARGET = 15.4;
				MTL_ENABLE_DEBUG_INFO = INCLUDE_SOURCE;
				MTL_FAST_MATH = YES;
				ONLY_ACTIVE_ARCH = YES;
				SDKROOT = iphoneos;
				SWIFT_ACTIVE_COMPILATION_CONDITIONS = DEBUG;
				SWIFT_OPTIMIZATION_LEVEL = "-Onone";
			};
			name = Debug;
		};
		3A4366F62844AF6800A6A350 /* Release */ = {
			isa = XCBuildConfiguration;
			buildSettings = {
				ALWAYS_SEARCH_USER_PATHS = NO;
				CLANG_ANALYZER_NONNULL = YES;
				CLANG_ANALYZER_NUMBER_OBJECT_CONVERSION = YES_AGGRESSIVE;
				CLANG_CXX_LANGUAGE_STANDARD = "gnu++17";
				CLANG_ENABLE_MODULES = YES;
				CLANG_ENABLE_OBJC_ARC = YES;
				CLANG_ENABLE_OBJC_WEAK = YES;
				CLANG_WARN_BLOCK_CAPTURE_AUTORELEASING = YES;
				CLANG_WARN_BOOL_CONVERSION = YES;
				CLANG_WARN_COMMA = YES;
				CLANG_WARN_CONSTANT_CONVERSION = YES;
				CLANG_WARN_DEPRECATED_OBJC_IMPLEMENTATIONS = YES;
				CLANG_WARN_DIRECT_OBJC_ISA_USAGE = YES_ERROR;
				CLANG_WARN_DOCUMENTATION_COMMENTS = YES;
				CLANG_WARN_EMPTY_BODY = YES;
				CLANG_WARN_ENUM_CONVERSION = YES;
				CLANG_WARN_INFINITE_RECURSION = YES;
				CLANG_WARN_INT_CONVERSION = YES;
				CLANG_WARN_NON_LITERAL_NULL_CONVERSION = YES;
				CLANG_WARN_OBJC_IMPLICIT_RETAIN_SELF = YES;
				CLANG_WARN_OBJC_LITERAL_CONVERSION = YES;
				CLANG_WARN_OBJC_ROOT_CLASS = YES_ERROR;
				CLANG_WARN_QUOTED_INCLUDE_IN_FRAMEWORK_HEADER = YES;
				CLANG_WARN_RANGE_LOOP_ANALYSIS = YES;
				CLANG_WARN_STRICT_PROTOTYPES = YES;
				CLANG_WARN_SUSPICIOUS_MOVE = YES;
				CLANG_WARN_UNGUARDED_AVAILABILITY = YES_AGGRESSIVE;
				CLANG_WARN_UNREACHABLE_CODE = YES;
				CLANG_WARN__DUPLICATE_METHOD_MATCH = YES;
				COPY_PHASE_STRIP = NO;
				DEBUG_INFORMATION_FORMAT = "dwarf-with-dsym";
				ENABLE_NS_ASSERTIONS = NO;
				ENABLE_STRICT_OBJC_MSGSEND = YES;
				GCC_C_LANGUAGE_STANDARD = gnu11;
				GCC_NO_COMMON_BLOCKS = YES;
				GCC_WARN_64_TO_32_BIT_CONVERSION = YES;
				GCC_WARN_ABOUT_RETURN_TYPE = YES_ERROR;
				GCC_WARN_UNDECLARED_SELECTOR = YES;
				GCC_WARN_UNINITIALIZED_AUTOS = YES_AGGRESSIVE;
				GCC_WARN_UNUSED_FUNCTION = YES;
				GCC_WARN_UNUSED_VARIABLE = YES;
				IPHONEOS_DEPLOYMENT_TARGET = 15.4;
				MTL_ENABLE_DEBUG_INFO = NO;
				MTL_FAST_MATH = YES;
				SDKROOT = iphoneos;
				SWIFT_COMPILATION_MODE = wholemodule;
				SWIFT_OPTIMIZATION_LEVEL = "-O";
				VALIDATE_PRODUCT = YES;
			};
			name = Release;
		};
		3A4366F82844AF6800A6A350 /* Debug */ = {
			isa = XCBuildConfiguration;
			buildSettings = {
				ASSETCATALOG_COMPILER_APPICON_NAME = AppIcon;
				ASSETCATALOG_COMPILER_GLOBAL_ACCENT_COLOR_NAME = AccentColor;
				CODE_SIGN_STYLE = Automatic;
				CURRENT_PROJECT_VERSION = 1;
				DEVELOPMENT_TEAM = MK8LDS6W26;
				GENERATE_INFOPLIST_FILE = YES;
				INFOPLIST_FILE = "Homework 13/Info.plist";
				INFOPLIST_KEY_UIApplicationSupportsIndirectInputEvents = YES;
				INFOPLIST_KEY_UILaunchStoryboardName = LaunchScreen;
				INFOPLIST_KEY_UISupportedInterfaceOrientations_iPad = "UIInterfaceOrientationPortrait UIInterfaceOrientationPortraitUpsideDown UIInterfaceOrientationLandscapeLeft UIInterfaceOrientationLandscapeRight";
				INFOPLIST_KEY_UISupportedInterfaceOrientations_iPhone = "UIInterfaceOrientationPortrait UIInterfaceOrientationLandscapeLeft UIInterfaceOrientationLandscapeRight";
				LD_RUNPATH_SEARCH_PATHS = (
					"$(inherited)",
					"@executable_path/Frameworks",
				);
				MARKETING_VERSION = 1.0;
				PRODUCT_BUNDLE_IDENTIFIER = "com.stanno.Homework-13";
				PRODUCT_NAME = "$(TARGET_NAME)";
				SWIFT_EMIT_LOC_STRINGS = YES;
				SWIFT_VERSION = 5.0;
				TARGETED_DEVICE_FAMILY = "1,2";
			};
			name = Debug;
		};
		3A4366F92844AF6800A6A350 /* Release */ = {
			isa = XCBuildConfiguration;
			buildSettings = {
				ASSETCATALOG_COMPILER_APPICON_NAME = AppIcon;
				ASSETCATALOG_COMPILER_GLOBAL_ACCENT_COLOR_NAME = AccentColor;
				CODE_SIGN_STYLE = Automatic;
				CURRENT_PROJECT_VERSION = 1;
				DEVELOPMENT_TEAM = MK8LDS6W26;
				GENERATE_INFOPLIST_FILE = YES;
				INFOPLIST_FILE = "Homework 13/Info.plist";
				INFOPLIST_KEY_UIApplicationSupportsIndirectInputEvents = YES;
				INFOPLIST_KEY_UILaunchStoryboardName = LaunchScreen;
				INFOPLIST_KEY_UISupportedInterfaceOrientations_iPad = "UIInterfaceOrientationPortrait UIInterfaceOrientationPortraitUpsideDown UIInterfaceOrientationLandscapeLeft UIInterfaceOrientationLandscapeRight";
				INFOPLIST_KEY_UISupportedInterfaceOrientations_iPhone = "UIInterfaceOrientationPortrait UIInterfaceOrientationLandscapeLeft UIInterfaceOrientationLandscapeRight";
				LD_RUNPATH_SEARCH_PATHS = (
					"$(inherited)",
					"@executable_path/Frameworks",
				);
				MARKETING_VERSION = 1.0;
				PRODUCT_BUNDLE_IDENTIFIER = "com.stanno.Homework-13";
				PRODUCT_NAME = "$(TARGET_NAME)";
				SWIFT_EMIT_LOC_STRINGS = YES;
				SWIFT_VERSION = 5.0;
				TARGETED_DEVICE_FAMILY = "1,2";
			};
			name = Release;
		};
/* End XCBuildConfiguration section */

/* Begin XCConfigurationList section */
		3A4366DE2844AF6600A6A350 /* Build configuration list for PBXProject "Homework 13" */ = {
			isa = XCConfigurationList;
			buildConfigurations = (
				3A4366F52844AF6800A6A350 /* Debug */,
				3A4366F62844AF6800A6A350 /* Release */,
			);
			defaultConfigurationIsVisible = 0;
			defaultConfigurationName = Release;
		};
		3A4366F72844AF6800A6A350 /* Build configuration list for PBXNativeTarget "Homework 13" */ = {
			isa = XCConfigurationList;
			buildConfigurations = (
				3A4366F82844AF6800A6A350 /* Debug */,
				3A4366F92844AF6800A6A350 /* Release */,
			);
			defaultConfigurationIsVisible = 0;
			defaultConfigurationName = Release;
		};
/* End XCConfigurationList section */
	};
	rootObject = 3A4366DB2844AF6600A6A350 /* Project object */;
}
